// !$*UTF8*$!
{
	archiveVersion = 1;
	classes = {
	};
	objectVersion = 50;
	objects = {

/* Begin PBXBuildFile section */
		B039DE36237682E100CA9B61 /* RoomStore.swift in Sources */ = {isa = PBXBuildFile; fileRef = B039DE35237682E100CA9B61 /* RoomStore.swift */; };
		B04049E32373F61A00241FCD /* AppDelegate.swift in Sources */ = {isa = PBXBuildFile; fileRef = B04049E22373F61A00241FCD /* AppDelegate.swift */; };
		B04049E52373F61A00241FCD /* SceneDelegate.swift in Sources */ = {isa = PBXBuildFile; fileRef = B04049E42373F61A00241FCD /* SceneDelegate.swift */; };
		B04049E72373F61A00241FCD /* ContentView.swift in Sources */ = {isa = PBXBuildFile; fileRef = B04049E62373F61A00241FCD /* ContentView.swift */; };
		B04049E92373F61B00241FCD /* Assets.xcassets in Resources */ = {isa = PBXBuildFile; fileRef = B04049E82373F61B00241FCD /* Assets.xcassets */; };
		B04049EC2373F61B00241FCD /* Preview Assets.xcassets in Resources */ = {isa = PBXBuildFile; fileRef = B04049EB2373F61B00241FCD /* Preview Assets.xcassets */; };
		B04049EF2373F61B00241FCD /* LaunchScreen.storyboard in Resources */ = {isa = PBXBuildFile; fileRef = B04049ED2373F61B00241FCD /* LaunchScreen.storyboard */; };
		B04049FA2373F61B00241FCD /* SwiftUIDemoTests.swift in Sources */ = {isa = PBXBuildFile; fileRef = B04049F92373F61B00241FCD /* SwiftUIDemoTests.swift */; };
		B0404A052373F61B00241FCD /* SwiftUIDemoUITests.swift in Sources */ = {isa = PBXBuildFile; fileRef = B0404A042373F61B00241FCD /* SwiftUIDemoUITests.swift */; };
		B0404A1323740A4F00241FCD /* Room.swift in Sources */ = {isa = PBXBuildFile; fileRef = B0404A1223740A4F00241FCD /* Room.swift */; };
		B0404A1523740FCC00241FCD /* Rooms.xcassets in Resources */ = {isa = PBXBuildFile; fileRef = B0404A1423740FCC00241FCD /* Rooms.xcassets */; };
		B0404A172374113E00241FCD /* SwiftUI.rtfd in Resources */ = {isa = PBXBuildFile; fileRef = B0404A162374113E00241FCD /* SwiftUI.rtfd */; };
		B095E9DA2375E8B900F646C4 /* RoomDetails.swift in Sources */ = {isa = PBXBuildFile; fileRef = B095E9D92375E8B900F646C4 /* RoomDetails.swift */; };
/* End PBXBuildFile section */

/* Begin PBXContainerItemProxy section */
		B04049F62373F61B00241FCD /* PBXContainerItemProxy */ = {
			isa = PBXContainerItemProxy;
			containerPortal = B04049D72373F61A00241FCD /* Project object */;
			proxyType = 1;
			remoteGlobalIDString = B04049DE2373F61A00241FCD;
			remoteInfo = SwiftUIDemo;
		};
		B0404A012373F61B00241FCD /* PBXContainerItemProxy */ = {
			isa = PBXContainerItemProxy;
			containerPortal = B04049D72373F61A00241FCD /* Project object */;
			proxyType = 1;
			remoteGlobalIDString = B04049DE2373F61A00241FCD;
			remoteInfo = SwiftUIDemo;
		};
/* End PBXContainerItemProxy section */

/* Begin PBXFileReference section */
		B039DE35237682E100CA9B61 /* RoomStore.swift */ = {isa = PBXFileReference; lastKnownFileType = sourcecode.swift; path = RoomStore.swift; sourceTree = "<group>"; };
		B04049DF2373F61A00241FCD /* SwiftUIDemo.app */ = {isa = PBXFileReference; explicitFileType = wrapper.application; includeInIndex = 0; path = SwiftUIDemo.app; sourceTree = BUILT_PRODUCTS_DIR; };
		B04049E22373F61A00241FCD /* AppDelegate.swift */ = {isa = PBXFileReference; lastKnownFileType = sourcecode.swift; path = AppDelegate.swift; sourceTree = "<group>"; };
		B04049E42373F61A00241FCD /* SceneDelegate.swift */ = {isa = PBXFileReference; lastKnownFileType = sourcecode.swift; path = SceneDelegate.swift; sourceTree = "<group>"; };
		B04049E62373F61A00241FCD /* ContentView.swift */ = {isa = PBXFileReference; lastKnownFileType = sourcecode.swift; path = ContentView.swift; sourceTree = "<group>"; };
		B04049E82373F61B00241FCD /* Assets.xcassets */ = {isa = PBXFileReference; lastKnownFileType = folder.assetcatalog; path = Assets.xcassets; sourceTree = "<group>"; };
		B04049EB2373F61B00241FCD /* Preview Assets.xcassets */ = {isa = PBXFileReference; lastKnownFileType = folder.assetcatalog; path = "Preview Assets.xcassets"; sourceTree = "<group>"; };
		B04049EE2373F61B00241FCD /* Base */ = {isa = PBXFileReference; lastKnownFileType = file.storyboard; name = Base; path = Base.lproj/LaunchScreen.storyboard; sourceTree = "<group>"; };
		B04049F02373F61B00241FCD /* Info.plist */ = {isa = PBXFileReference; lastKnownFileType = text.plist.xml; path = Info.plist; sourceTree = "<group>"; };
		B04049F52373F61B00241FCD /* SwiftUIDemoTests.xctest */ = {isa = PBXFileReference; explicitFileType = wrapper.cfbundle; includeInIndex = 0; path = SwiftUIDemoTests.xctest; sourceTree = BUILT_PRODUCTS_DIR; };
		B04049F92373F61B00241FCD /* SwiftUIDemoTests.swift */ = {isa = PBXFileReference; lastKnownFileType = sourcecode.swift; path = SwiftUIDemoTests.swift; sourceTree = "<group>"; };
		B04049FB2373F61B00241FCD /* Info.plist */ = {isa = PBXFileReference; lastKnownFileType = text.plist.xml; path = Info.plist; sourceTree = "<group>"; };
		B0404A002373F61B00241FCD /* SwiftUIDemoUITests.xctest */ = {isa = PBXFileReference; explicitFileType = wrapper.cfbundle; includeInIndex = 0; path = SwiftUIDemoUITests.xctest; sourceTree = BUILT_PRODUCTS_DIR; };
		B0404A042373F61B00241FCD /* SwiftUIDemoUITests.swift */ = {isa = PBXFileReference; lastKnownFileType = sourcecode.swift; path = SwiftUIDemoUITests.swift; sourceTree = "<group>"; };
		B0404A062373F61B00241FCD /* Info.plist */ = {isa = PBXFileReference; lastKnownFileType = text.plist.xml; path = Info.plist; sourceTree = "<group>"; };
		B0404A1223740A4F00241FCD /* Room.swift */ = {isa = PBXFileReference; lastKnownFileType = sourcecode.swift; path = Room.swift; sourceTree = "<group>"; };
		B0404A1423740FCC00241FCD /* Rooms.xcassets */ = {isa = PBXFileReference; lastKnownFileType = folder.assetcatalog; path = Rooms.xcassets; sourceTree = "<group>"; };
		B0404A162374113E00241FCD /* SwiftUI.rtfd */ = {isa = PBXFileReference; lastKnownFileType = wrapper.rtfd; path = SwiftUI.rtfd; sourceTree = "<group>"; };
		B095E9D92375E8B900F646C4 /* RoomDetails.swift */ = {isa = PBXFileReference; lastKnownFileType = sourcecode.swift; path = RoomDetails.swift; sourceTree = "<group>"; };
/* End PBXFileReference section */

/* Begin PBXFrameworksBuildPhase section */
		B04049DC2373F61A00241FCD /* Frameworks */ = {
			isa = PBXFrameworksBuildPhase;
			buildActionMask = 2147483647;
			files = (
			);
			runOnlyForDeploymentPostprocessing = 0;
		};
		B04049F22373F61B00241FCD /* Frameworks */ = {
			isa = PBXFrameworksBuildPhase;
			buildActionMask = 2147483647;
			files = (
			);
			runOnlyForDeploymentPostprocessing = 0;
		};
		B04049FD2373F61B00241FCD /* Frameworks */ = {
			isa = PBXFrameworksBuildPhase;
			buildActionMask = 2147483647;
			files = (
			);
			runOnlyForDeploymentPostprocessing = 0;
		};
/* End PBXFrameworksBuildPhase section */

/* Begin PBXGroup section */
		B04049D62373F61A00241FCD = {
			isa = PBXGroup;
			children = (
				B04049E12373F61A00241FCD /* SwiftUIDemo */,
				B04049F82373F61B00241FCD /* SwiftUIDemoTests */,
				B0404A032373F61B00241FCD /* SwiftUIDemoUITests */,
				B04049E02373F61A00241FCD /* Products */,
			);
			sourceTree = "<group>";
		};
		B04049E02373F61A00241FCD /* Products */ = {
			isa = PBXGroup;
			children = (
				B04049DF2373F61A00241FCD /* SwiftUIDemo.app */,
				B04049F52373F61B00241FCD /* SwiftUIDemoTests.xctest */,
				B0404A002373F61B00241FCD /* SwiftUIDemoUITests.xctest */,
			);
			name = Products;
			sourceTree = "<group>";
		};
		B04049E12373F61A00241FCD /* SwiftUIDemo */ = {
			isa = PBXGroup;
			children = (
				B04049E22373F61A00241FCD /* AppDelegate.swift */,
				B04049E42373F61A00241FCD /* SceneDelegate.swift */,
				B04049E62373F61A00241FCD /* ContentView.swift */,
				B039DE35237682E100CA9B61 /* RoomStore.swift */,
				B095E9D92375E8B900F646C4 /* RoomDetails.swift */,
				B0404A162374113E00241FCD /* SwiftUI.rtfd */,
				B0404A1223740A4F00241FCD /* Room.swift */,
				B0404A1423740FCC00241FCD /* Rooms.xcassets */,
				B04049E82373F61B00241FCD /* Assets.xcassets */,
				B04049ED2373F61B00241FCD /* LaunchScreen.storyboard */,
				B04049F02373F61B00241FCD /* Info.plist */,
				B04049EA2373F61B00241FCD /* Preview Content */,
			);
			path = SwiftUIDemo;
			sourceTree = "<group>";
		};
		B04049EA2373F61B00241FCD /* Preview Content */ = {
			isa = PBXGroup;
			children = (
				B04049EB2373F61B00241FCD /* Preview Assets.xcassets */,
			);
			path = "Preview Content";
			sourceTree = "<group>";
		};
		B04049F82373F61B00241FCD /* SwiftUIDemoTests */ = {
			isa = PBXGroup;
			children = (
				B04049F92373F61B00241FCD /* SwiftUIDemoTests.swift */,
				B04049FB2373F61B00241FCD /* Info.plist */,
			);
			path = SwiftUIDemoTests;
			sourceTree = "<group>";
		};
		B0404A032373F61B00241FCD /* SwiftUIDemoUITests */ = {
			isa = PBXGroup;
			children = (
				B0404A042373F61B00241FCD /* SwiftUIDemoUITests.swift */,
				B0404A062373F61B00241FCD /* Info.plist */,
			);
			path = SwiftUIDemoUITests;
			sourceTree = "<group>";
		};
/* End PBXGroup section */

/* Begin PBXNativeTarget section */
		B04049DE2373F61A00241FCD /* SwiftUIDemo */ = {
			isa = PBXNativeTarget;
			buildConfigurationList = B0404A092373F61B00241FCD /* Build configuration list for PBXNativeTarget "SwiftUIDemo" */;
			buildPhases = (
				B04049DB2373F61A00241FCD /* Sources */,
				B04049DC2373F61A00241FCD /* Frameworks */,
				B04049DD2373F61A00241FCD /* Resources */,
			);
			buildRules = (
			);
			dependencies = (
			);
			name = SwiftUIDemo;
			productName = SwiftUIDemo;
			productReference = B04049DF2373F61A00241FCD /* SwiftUIDemo.app */;
			productType = "com.apple.product-type.application";
		};
		B04049F42373F61B00241FCD /* SwiftUIDemoTests */ = {
			isa = PBXNativeTarget;
			buildConfigurationList = B0404A0C2373F61B00241FCD /* Build configuration list for PBXNativeTarget "SwiftUIDemoTests" */;
			buildPhases = (
				B04049F12373F61B00241FCD /* Sources */,
				B04049F22373F61B00241FCD /* Frameworks */,
				B04049F32373F61B00241FCD /* Resources */,
			);
			buildRules = (
			);
			dependencies = (
				B04049F72373F61B00241FCD /* PBXTargetDependency */,
			);
			name = SwiftUIDemoTests;
			productName = SwiftUIDemoTests;
			productReference = B04049F52373F61B00241FCD /* SwiftUIDemoTests.xctest */;
			productType = "com.apple.product-type.bundle.unit-test";
		};
		B04049FF2373F61B00241FCD /* SwiftUIDemoUITests */ = {
			isa = PBXNativeTarget;
			buildConfigurationList = B0404A0F2373F61B00241FCD /* Build configuration list for PBXNativeTarget "SwiftUIDemoUITests" */;
			buildPhases = (
				B04049FC2373F61B00241FCD /* Sources */,
				B04049FD2373F61B00241FCD /* Frameworks */,
				B04049FE2373F61B00241FCD /* Resources */,
			);
			buildRules = (
			);
			dependencies = (
				B0404A022373F61B00241FCD /* PBXTargetDependency */,
			);
			name = SwiftUIDemoUITests;
			productName = SwiftUIDemoUITests;
			productReference = B0404A002373F61B00241FCD /* SwiftUIDemoUITests.xctest */;
			productType = "com.apple.product-type.bundle.ui-testing";
		};
/* End PBXNativeTarget section */

/* Begin PBXProject section */
		B04049D72373F61A00241FCD /* Project object */ = {
			isa = PBXProject;
			attributes = {
				LastSwiftUpdateCheck = 1120;
				LastUpgradeCheck = 1120;
				ORGANIZATIONNAME = Mojave;
				TargetAttributes = {
					B04049DE2373F61A00241FCD = {
						CreatedOnToolsVersion = 11.2;
					};
					B04049F42373F61B00241FCD = {
						CreatedOnToolsVersion = 11.2;
						TestTargetID = B04049DE2373F61A00241FCD;
					};
					B04049FF2373F61B00241FCD = {
						CreatedOnToolsVersion = 11.2;
						TestTargetID = B04049DE2373F61A00241FCD;
					};
				};
			};
			buildConfigurationList = B04049DA2373F61A00241FCD /* Build configuration list for PBXProject "SwiftUIDemo" */;
			compatibilityVersion = "Xcode 9.3";
			developmentRegion = en;
			hasScannedForEncodings = 0;
			knownRegions = (
				en,
				Base,
			);
			mainGroup = B04049D62373F61A00241FCD;
			productRefGroup = B04049E02373F61A00241FCD /* Products */;
			projectDirPath = "";
			projectRoot = "";
			targets = (
				B04049DE2373F61A00241FCD /* SwiftUIDemo */,
				B04049F42373F61B00241FCD /* SwiftUIDemoTests */,
				B04049FF2373F61B00241FCD /* SwiftUIDemoUITests */,
			);
		};
/* End PBXProject section */

/* Begin PBXResourcesBuildPhase section */
		B04049DD2373F61A00241FCD /* Resources */ = {
			isa = PBXResourcesBuildPhase;
			buildActionMask = 2147483647;
			files = (
				B04049EF2373F61B00241FCD /* LaunchScreen.storyboard in Resources */,
				B0404A172374113E00241FCD /* SwiftUI.rtfd in Resources */,
				B04049EC2373F61B00241FCD /* Preview Assets.xcassets in Resources */,
				B0404A1523740FCC00241FCD /* Rooms.xcassets in Resources */,
				B04049E92373F61B00241FCD /* Assets.xcassets in Resources */,
			);
			runOnlyForDeploymentPostprocessing = 0;
		};
		B04049F32373F61B00241FCD /* Resources */ = {
			isa = PBXResourcesBuildPhase;
			buildActionMask = 2147483647;
			files = (
			);
			runOnlyForDeploymentPostprocessing = 0;
		};
		B04049FE2373F61B00241FCD /* Resources */ = {
			isa = PBXResourcesBuildPhase;
			buildActionMask = 2147483647;
			files = (
			);
			runOnlyForDeploymentPostprocessing = 0;
		};
/* End PBXResourcesBuildPhase section */

/* Begin PBXSourcesBuildPhase section */
		B04049DB2373F61A00241FCD /* Sources */ = {
			isa = PBXSourcesBuildPhase;
			buildActionMask = 2147483647;
			files = (
				B04049E32373F61A00241FCD /* AppDelegate.swift in Sources */,
				B095E9DA2375E8B900F646C4 /* RoomDetails.swift in Sources */,
				B04049E52373F61A00241FCD /* SceneDelegate.swift in Sources */,
				B0404A1323740A4F00241FCD /* Room.swift in Sources */,
				B039DE36237682E100CA9B61 /* RoomStore.swift in Sources */,
				B04049E72373F61A00241FCD /* ContentView.swift in Sources */,
			);
			runOnlyForDeploymentPostprocessing = 0;
		};
		B04049F12373F61B00241FCD /* Sources */ = {
			isa = PBXSourcesBuildPhase;
			buildActionMask = 2147483647;
			files = (
				B04049FA2373F61B00241FCD /* SwiftUIDemoTests.swift in Sources */,
			);
			runOnlyForDeploymentPostprocessing = 0;
		};
		B04049FC2373F61B00241FCD /* Sources */ = {
			isa = PBXSourcesBuildPhase;
			buildActionMask = 2147483647;
			files = (
				B0404A052373F61B00241FCD /* SwiftUIDemoUITests.swift in Sources */,
			);
			runOnlyForDeploymentPostprocessing = 0;
		};
/* End PBXSourcesBuildPhase section */

/* Begin PBXTargetDependency section */
		B04049F72373F61B00241FCD /* PBXTargetDependency */ = {
			isa = PBXTargetDependency;
			target = B04049DE2373F61A00241FCD /* SwiftUIDemo */;
			targetProxy = B04049F62373F61B00241FCD /* PBXContainerItemProxy */;
		};
		B0404A022373F61B00241FCD /* PBXTargetDependency */ = {
			isa = PBXTargetDependency;
			target = B04049DE2373F61A00241FCD /* SwiftUIDemo */;
			targetProxy = B0404A012373F61B00241FCD /* PBXContainerItemProxy */;
		};
/* End PBXTargetDependency section */

/* Begin PBXVariantGroup section */
		B04049ED2373F61B00241FCD /* LaunchScreen.storyboard */ = {
			isa = PBXVariantGroup;
			children = (
				B04049EE2373F61B00241FCD /* Base */,
			);
			name = LaunchScreen.storyboard;
			sourceTree = "<group>";
		};
/* End PBXVariantGroup section */

/* Begin XCBuildConfiguration section */
		B0404A072373F61B00241FCD /* Debug */ = {
			isa = XCBuildConfiguration;
			buildSettings = {
				ALWAYS_SEARCH_USER_PATHS = NO;
				CLANG_ANALYZER_NONNULL = YES;
				CLANG_ANALYZER_NUMBER_OBJECT_CONVERSION = YES_AGGRESSIVE;
				CLANG_CXX_LANGUAGE_STANDARD = "gnu++14";
				CLANG_CXX_LIBRARY = "libc++";
				CLANG_ENABLE_MODULES = YES;
				CLANG_ENABLE_OBJC_ARC = YES;
				CLANG_ENABLE_OBJC_WEAK = YES;
				CLANG_WARN_BLOCK_CAPTURE_AUTORELEASING = YES;
				CLANG_WARN_BOOL_CONVERSION = YES;
				CLANG_WARN_COMMA = YES;
				CLANG_WARN_CONSTANT_CONVERSION = YES;
				CLANG_WARN_DEPRECATED_OBJC_IMPLEMENTATIONS = YES;
				CLANG_WARN_DIRECT_OBJC_ISA_USAGE = YES_ERROR;
				CLANG_WARN_DOCUMENTATION_COMMENTS = YES;
				CLANG_WARN_EMPTY_BODY = YES;
				CLANG_WARN_ENUM_CONVERSION = YES;
				CLANG_WARN_INFINITE_RECURSION = YES;
				CLANG_WARN_INT_CONVERSION = YES;
				CLANG_WARN_NON_LITERAL_NULL_CONVERSION = YES;
				CLANG_WARN_OBJC_IMPLICIT_RETAIN_SELF = YES;
				CLANG_WARN_OBJC_LITERAL_CONVERSION = YES;
				CLANG_WARN_OBJC_ROOT_CLASS = YES_ERROR;
				CLANG_WARN_RANGE_LOOP_ANALYSIS = YES;
				CLANG_WARN_STRICT_PROTOTYPES = YES;
				CLANG_WARN_SUSPICIOUS_MOVE = YES;
				CLANG_WARN_UNGUARDED_AVAILABILITY = YES_AGGRESSIVE;
				CLANG_WARN_UNREACHABLE_CODE = YES;
				CLANG_WARN__DUPLICATE_METHOD_MATCH = YES;
				COPY_PHASE_STRIP = NO;
				DEBUG_INFORMATION_FORMAT = dwarf;
				ENABLE_STRICT_OBJC_MSGSEND = YES;
				ENABLE_TESTABILITY = YES;
				GCC_C_LANGUAGE_STANDARD = gnu11;
				GCC_DYNAMIC_NO_PIC = NO;
				GCC_NO_COMMON_BLOCKS = YES;
				GCC_OPTIMIZATION_LEVEL = 0;
				GCC_PREPROCESSOR_DEFINITIONS = (
					"DEBUG=1",
					"$(inherited)",
				);
				GCC_WARN_64_TO_32_BIT_CONVERSION = YES;
				GCC_WARN_ABOUT_RETURN_TYPE = YES_ERROR;
				GCC_WARN_UNDECLARED_SELECTOR = YES;
				GCC_WARN_UNINITIALIZED_AUTOS = YES_AGGRESSIVE;
				GCC_WARN_UNUSED_FUNCTION = YES;
				GCC_WARN_UNUSED_VARIABLE = YES;
				IPHONEOS_DEPLOYMENT_TARGET = 13.2;
				MTL_ENABLE_DEBUG_INFO = INCLUDE_SOURCE;
				MTL_FAST_MATH = YES;
				ONLY_ACTIVE_ARCH = YES;
				SDKROOT = iphoneos;
				SWIFT_ACTIVE_COMPILATION_CONDITIONS = DEBUG;
				SWIFT_OPTIMIZATION_LEVEL = "-Onone";
			};
			name = Debug;
		};
		B0404A082373F61B00241FCD /* Release */ = {
			isa = XCBuildConfiguration;
			buildSettings = {
				ALWAYS_SEARCH_USER_PATHS = NO;
				CLANG_ANALYZER_NONNULL = YES;
				CLANG_ANALYZER_NUMBER_OBJECT_CONVERSION = YES_AGGRESSIVE;
				CLANG_CXX_LANGUAGE_STANDARD = "gnu++14";
				CLANG_CXX_LIBRARY = "libc++";
				CLANG_ENABLE_MODULES = YES;
				CLANG_ENABLE_OBJC_ARC = YES;
				CLANG_ENABLE_OBJC_WEAK = YES;
				CLANG_WARN_BLOCK_CAPTURE_AUTORELEASING = YES;
				CLANG_WARN_BOOL_CONVERSION = YES;
				CLANG_WARN_COMMA = YES;
				CLANG_WARN_CONSTANT_CONVERSION = YES;
				CLANG_WARN_DEPRECATED_OBJC_IMPLEMENTATIONS = YES;
				CLANG_WARN_DIRECT_OBJC_ISA_USAGE = YES_ERROR;
				CLANG_WARN_DOCUMENTATION_COMMENTS = YES;
				CLANG_WARN_EMPTY_BODY = YES;
				CLANG_WARN_ENUM_CONVERSION = YES;
				CLANG_WARN_INFINITE_RECURSION = YES;
				CLANG_WARN_INT_CONVERSION = YES;
				CLANG_WARN_NON_LITERAL_NULL_CONVERSION = YES;
				CLANG_WARN_OBJC_IMPLICIT_RETAIN_SELF = YES;
				CLANG_WARN_OBJC_LITERAL_CONVERSION = YES;
				CLANG_WARN_OBJC_ROOT_CLASS = YES_ERROR;
				CLANG_WARN_RANGE_LOOP_ANALYSIS = YES;
				CLANG_WARN_STRICT_PROTOTYPES = YES;
				CLANG_WARN_SUSPICIOUS_MOVE = YES;
				CLANG_WARN_UNGUARDED_AVAILABILITY = YES_AGGRESSIVE;
				CLANG_WARN_UNREACHABLE_CODE = YES;
				CLANG_WARN__DUPLICATE_METHOD_MATCH = YES;
				COPY_PHASE_STRIP = NO;
				DEBUG_INFORMATION_FORMAT = "dwarf-with-dsym";
				ENABLE_NS_ASSERTIONS = NO;
				ENABLE_STRICT_OBJC_MSGSEND = YES;
				GCC_C_LANGUAGE_STANDARD = gnu11;
				GCC_NO_COMMON_BLOCKS = YES;
				GCC_WARN_64_TO_32_BIT_CONVERSION = YES;
				GCC_WARN_ABOUT_RETURN_TYPE = YES_ERROR;
				GCC_WARN_UNDECLARED_SELECTOR = YES;
				GCC_WARN_UNINITIALIZED_AUTOS = YES_AGGRESSIVE;
				GCC_WARN_UNUSED_FUNCTION = YES;
				GCC_WARN_UNUSED_VARIABLE = YES;
				IPHONEOS_DEPLOYMENT_TARGET = 13.2;
				MTL_ENABLE_DEBUG_INFO = NO;
				MTL_FAST_MATH = YES;
				SDKROOT = iphoneos;
				SWIFT_COMPILATION_MODE = wholemodule;
				SWIFT_OPTIMIZATION_LEVEL = "-O";
				VALIDATE_PRODUCT = YES;
			};
			name = Release;
		};
		B0404A0A2373F61B00241FCD /* Debug */ = {
			isa = XCBuildConfiguration;
			buildSettings = {
				ASSETCATALOG_COMPILER_APPICON_NAME = AppIcon;
				CODE_SIGN_STYLE = Automatic;
				DEVELOPMENT_ASSET_PATHS = "\"SwiftUIDemo/Preview Content\"";
				ENABLE_PREVIEWS = YES;
				INFOPLIST_FILE = SwiftUIDemo/Info.plist;
				LD_RUNPATH_SEARCH_PATHS = (
					"$(inherited)",
					"@executable_path/Frameworks",
				);
				PRODUCT_BUNDLE_IDENTIFIER = com.MBFang.SwiftUIDemo;
				PRODUCT_NAME = "$(TARGET_NAME)";
				SWIFT_VERSION = 5.0;
				TARGETED_DEVICE_FAMILY = "1,2";
			};
			name = Debug;
		};
		B0404A0B2373F61B00241FCD /* Release */ = {
			isa = XCBuildConfiguration;
			buildSettings = {
				ASSETCATALOG_COMPILER_APPICON_NAME = AppIcon;
				CODE_SIGN_STYLE = Automatic;
				DEVELOPMENT_ASSET_PATHS = "\"SwiftUIDemo/Preview Content\"";
				ENABLE_PREVIEWS = YES;
				INFOPLIST_FILE = SwiftUIDemo/Info.plist;
				LD_RUNPATH_SEARCH_PATHS = (
					"$(inherited)",
					"@executable_path/Frameworks",
				);
				PRODUCT_BUNDLE_IDENTIFIER = com.MBFang.SwiftUIDemo;
				PRODUCT_NAME = "$(TARGET_NAME)";
				SWIFT_VERSION = 5.0;
				TARGETED_DEVICE_FAMILY = "1,2";
			};
			name = Release;
		};
		B0404A0D2373F61B00241FCD /* Debug */ = {
			isa = XCBuildConfiguration;
			buildSettings = {
				ALWAYS_EMBED_SWIFT_STANDARD_LIBRARIES = YES;
				BUNDLE_LOADER = "$(TEST_HOST)";
				CODE_SIGN_STYLE = Automatic;
				INFOPLIST_FILE = SwiftUIDemoTests/Info.plist;
				IPHONEOS_DEPLOYMENT_TARGET = 13.2;
				LD_RUNPATH_SEARCH_PATHS = (
					"$(inherited)",
					"@executable_path/Frameworks",
					"@loader_path/Frameworks",
				);
				PRODUCT_BUNDLE_IDENTIFIER = com.MBFang.SwiftUIDemoTests;
				PRODUCT_NAME = "$(TARGET_NAME)";
				SWIFT_VERSION = 5.0;
				TARGETED_DEVICE_FAMILY = "1,2";
				TEST_HOST = "$(BUILT_PRODUCTS_DIR)/SwiftUIDemo.app/SwiftUIDemo";
			};
			name = Debug;
		};
		B0404A0E2373F61B00241FCD /* Release */ = {
			isa = XCBuildConfiguration;
			buildSettings = {
				ALWAYS_EMBED_SWIFT_STANDARD_LIBRARIES = YES;
				BUNDLE_LOADER = "$(TEST_HOST)";
				CODE_SIGN_STYLE = Automatic;
				INFOPLIST_FILE = SwiftUIDemoTests/Info.plist;
				IPHONEOS_DEPLOYMENT_TARGET = 13.2;
				LD_RUNPATH_SEARCH_PATHS = (
					"$(inherited)",
					"@executable_path/Frameworks",
					"@loader_path/Frameworks",
				);
				PRODUCT_BUNDLE_IDENTIFIER = com.MBFang.SwiftUIDemoTests;
				PRODUCT_NAME = "$(TARGET_NAME)";
				SWIFT_VERSION = 5.0;
				TARGETED_DEVICE_FAMILY = "1,2";
				TEST_HOST = "$(BUILT_PRODUCTS_DIR)/SwiftUIDemo.app/SwiftUIDemo";
			};
			name = Release;
		};
		B0404A102373F61B00241FCD /* Debug */ = {
			isa = XCBuildConfiguration;
			buildSettings = {
				ALWAYS_EMBED_SWIFT_STANDARD_LIBRARIES = YES;
				CODE_SIGN_STYLE = Automatic;
				INFOPLIST_FILE = SwiftUIDemoUITests/Info.plist;
				LD_RUNPATH_SEARCH_PATHS = (
					"$(inherited)",
					"@executable_path/Frameworks",
					"@loader_path/Frameworks",
				);
				PRODUCT_BUNDLE_IDENTIFIER = com.MBFang.SwiftUIDemoUITests;
				PRODUCT_NAME = "$(TARGET_NAME)";
				SWIFT_VERSION = 5.0;
				TARGETED_DEVICE_FAMILY = "1,2";
				TEST_TARGET_NAME = SwiftUIDemo;
			};
			name = Debug;
		};
		B0404A112373F61B00241FCD /* Release */ = {
			isa = XCBuildConfiguration;
			buildSettings = {
				ALWAYS_EMBED_SWIFT_STANDARD_LIBRARIES = YES;
				CODE_SIGN_STYLE = Automatic;
				INFOPLIST_FILE = SwiftUIDemoUITests/Info.plist;
				LD_RUNPATH_SEARCH_PATHS = (
					"$(inherited)",
					"@executable_path/Frameworks",
					"@loader_path/Frameworks",
				);
				PRODUCT_BUNDLE_IDENTIFIER = com.MBFang.SwiftUIDemoUITests;
				PRODUCT_NAME = "$(TARGET_NAME)";
				SWIFT_VERSION = 5.0;
				TARGETED_DEVICE_FAMILY = "1,2";
				TEST_TARGET_NAME = SwiftUIDemo;
			};
			name = Release;
		};
/* End XCBuildConfiguration section */

/* Begin XCConfigurationList section */
		B04049DA2373F61A00241FCD /* Build configuration list for PBXProject "SwiftUIDemo" */ = {
			isa = XCConfigurationList;
			buildConfigurations = (
				B0404A072373F61B00241FCD /* Debug */,
				B0404A082373F61B00241FCD /* Release */,
			);
			defaultConfigurationIsVisible = 0;
			defaultConfigurationName = Release;
		};
		B0404A092373F61B00241FCD /* Build configuration list for PBXNativeTarget "SwiftUIDemo" */ = {
			isa = XCConfigurationList;
			buildConfigurations = (
				B0404A0A2373F61B00241FCD /* Debug */,
				B0404A0B2373F61B00241FCD /* Release */,
			);
			defaultConfigurationIsVisible = 0;
			defaultConfigurationName = Release;
		};
		B0404A0C2373F61B00241FCD /* Build configuration list for PBXNativeTarget "SwiftUIDemoTests" */ = {
			isa = XCConfigurationList;
			buildConfigurations = (
				B0404A0D2373F61B00241FCD /* Debug */,
				B0404A0E2373F61B00241FCD /* Release */,
			);
			defaultConfigurationIsVisible = 0;
			defaultConfigurationName = Release;
		};
		B0404A0F2373F61B00241FCD /* Build configuration list for PBXNativeTarget "SwiftUIDemoUITests" */ = {
			isa = XCConfigurationList;
			buildConfigurations = (
				B0404A102373F61B00241FCD /* Debug */,
				B0404A112373F61B00241FCD /* Release */,
			);
			defaultConfigurationIsVisible = 0;
			defaultConfigurationName = Release;
		};
/* End XCConfigurationList section */
	};
	rootObject = B04049D72373F61A00241FCD /* Project object */;
}
